
Microsoft Visual Studio Solution File, Format Version 12.00
# Visual Studio Version 17
VisualStudioVersion = 17.7.34221.43
MinimumVisualStudioVersion = 10.0.40219.1
Project("{8BC9CEB8-8B4A-11D0-8D11-00A0C91BC942}") = "RemoteCtrl", "RemoteCtrl\RemoteCtrl.vcxproj", "{1E44F4F8-6DEA-4CF3-945B-EC6E069DF18A}"
EndProject
Project("{8BC9CEB8-8B4A-11D0-8D11-00A0C91BC942}") = "RemoteClient", "RemoteClient\RemoteClient.vcxproj", "{22DB5AFE-3866-4F88-8D75-3F0EF2913ED2}"
EndProject
Global
	GlobalSection(SolutionConfigurationPlatforms) = preSolution
		Debug|x64 = Debug|x64
		Debug|x86 = Debug|x86
		Release|x64 = Release|x64
		Release|x86 = Release|x86
	EndGlobalSection
	GlobalSection(ProjectConfigurationPlatforms) = postSolution
		{1E44F4F8-6DEA-4CF3-945B-EC6E069DF18A}.Debug|x64.ActiveCfg = Debug|x64
		{1E44F4F8-6DEA-4CF3-945B-EC6E069DF18A}.Debug|x64.Build.0 = Debug|x64
		{1E44F4F8-6DEA-4CF3-945B-EC6E069DF18A}.Debug|x86.ActiveCfg = Debug|Win32
		{1E44F4F8-6DEA-4CF3-945B-EC6E069DF18A}.Debug|x86.Build.0 = Debug|Win32
		{1E44F4F8-6DEA-4CF3-945B-EC6E069DF18A}.Release|x64.ActiveCfg = Release|x64
		{1E44F4F8-6DEA-4CF3-945B-EC6E069DF18A}.Release|x64.Build.0 = Release|x64
		{1E44F4F8-6DEA-4CF3-945B-EC6E069DF18A}.Release|x86.ActiveCfg = Release|Win32
		{1E44F4F8-6DEA-4CF3-945B-EC6E069DF18A}.Release|x86.Build.0 = Release|Win32
		{22DB5AFE-3866-4F88-8D75-3F0EF2913ED2}.Debug|x64.ActiveCfg = Debug|x64
		{22DB5AFE-3866-4F88-8D75-3F0EF2913ED2}.Debug|x64.Build.0 = Debug|x64
		{22DB5AFE-3866-4F88-8D75-3F0EF2913ED2}.Debug|x86.ActiveCfg = Debug|Win32
		{22DB5AFE-3866-4F88-8D75-3F0EF2913ED2}.Debug|x86.Build.0 = Debug|Win32
		{22DB5AFE-3866-4F88-8D75-3F0EF2913ED2}.Release|x64.ActiveCfg = Release|x64
		{22DB5AFE-3866-4F88-8D75-3F0EF2913ED2}.Release|x64.Build.0 = Release|x64
		{22DB5AFE-3866-4F88-8D75-3F0EF2913ED2}.Release|x86.ActiveCfg = Release|Win32
		{22DB5AFE-3866-4F88-8D75-3F0EF2913ED2}.Release|x86.Build.0 = Release|Win32
	EndGlobalSection
	GlobalSection(SolutionProperties) = preSolution
		HideSolutionNode = FALSE
	EndGlobalSection
	GlobalSection(ExtensibilityGlobals) = postSolution
		SolutionGuid = {241B6806-5D68-4AFA-86E7-0A278F1ACB05}
	EndGlobalSection
EndGlobal
